
Microsoft Visual Studio Solution File, Format Version 12.00
# Visual Studio Version 16
VisualStudioVersion = 16.0.31624.102
MinimumVisualStudioVersion = 10.0.40219.1
Project("{FAE04EC0-301F-11D3-BF4B-00C04F79EFBC}") = "Filhantering", "Filhantering\Filhantering.csproj", "{4103F264-19EF-4DE2-B9A8-DC2AC3479702}"
EndProject
Global
	GlobalSection(SolutionConfigurationPlatforms) = preSolution
		Debug|Any CPU = Debug|Any CPU
		Release|Any CPU = Release|Any CPU
	EndGlobalSection
	GlobalSection(ProjectConfigurationPlatforms) = postSolution
		{4103F264-19EF-4DE2-B9A8-DC2AC3479702}.Debug|Any CPU.ActiveCfg = Debug|Any CPU
		{4103F264-19EF-4DE2-B9A8-DC2AC3479702}.Debug|Any CPU.Build.0 = Debug|Any CPU
		{4103F264-19EF-4DE2-B9A8-DC2AC3479702}.Release|Any CPU.ActiveCfg = Release|Any CPU
		{4103F264-19EF-4DE2-B9A8-DC2AC3479702}.Release|Any CPU.Build.0 = Release|Any CPU
	EndGlobalSection
	GlobalSection(SolutionProperties) = preSolution
		HideSolutionNode = FALSE
	EndGlobalSection
	GlobalSection(ExtensibilityGlobals) = postSolution
		SolutionGuid = {E74ACC4C-08C0-4670-9201-2B4321435FC0}
	EndGlobalSection
EndGlobal
